// !$*UTF8*$!
{
	archiveVersion = 1;
	classes = {
	};
	objectVersion = 46;
	objects = {

/* Begin PBXBuildFile section */
		84F03A9D1B82D79200FFFA28 /* AppDelegate.m in Sources */ = {isa = PBXBuildFile; fileRef = 84F03A9C1B82D79200FFFA28 /* AppDelegate.m */; };
		84F03A9F1B82D79200FFFA28 /* main.m in Sources */ = {isa = PBXBuildFile; fileRef = 84F03A9E1B82D79200FFFA28 /* main.m */; };
		84F03AA11B82D79200FFFA28 /* Images.xcassets in Resources */ = {isa = PBXBuildFile; fileRef = 84F03AA01B82D79200FFFA28 /* Images.xcassets */; };
		84F03AA41B82D79200FFFA28 /* MainMenu.xib in Resources */ = {isa = PBXBuildFile; fileRef = 84F03AA21B82D79200FFFA28 /* MainMenu.xib */; };
		84F03AB01B82D79200FFFA28 /* MyMobileCleanerTests.m in Sources */ = {isa = PBXBuildFile; fileRef = 84F03AAF1B82D79200FFFA28 /* MyMobileCleanerTests.m */; };
		84F03ABE1B82D98D00FFFA28 /* SDMMobileDevice.framework in Copy Frameworks */ = {isa = PBXBuildFile; fileRef = 84F03ABB1B82D85200FFFA28 /* SDMMobileDevice.framework */; settings = {ATTRIBUTES = (CodeSignOnCopy, RemoveHeadersOnCopy, ); }; };
		84F03ABF1B82D9F400FFFA28 /* SDMMobileDevice.framework in Frameworks */ = {isa = PBXBuildFile; fileRef = 84F03ABB1B82D85200FFFA28 /* SDMMobileDevice.framework */; };
		84F03AC31B82DABF00FFFA28 /* MCDeviceController.m in Sources */ = {isa = PBXBuildFile; fileRef = 84F03AC21B82DABF00FFFA28 /* MCDeviceController.m */; };
		84F03AC71B83204600FFFA28 /* MCDevice.m in Sources */ = {isa = PBXBuildFile; fileRef = 84F03AC61B83204600FFFA28 /* MCDevice.m */; };
/* End PBXBuildFile section */

/* Begin PBXContainerItemProxy section */
		84F03AAA1B82D79200FFFA28 /* PBXContainerItemProxy */ = {
			isa = PBXContainerItemProxy;
			containerPortal = 84F03A8E1B82D79200FFFA28 /* Project object */;
			proxyType = 1;
			remoteGlobalIDString = 84F03A951B82D79200FFFA28;
			remoteInfo = MyMobileCleaner;
		};
/* End PBXContainerItemProxy section */

/* Begin PBXCopyFilesBuildPhase section */
		84F03ABD1B82D98400FFFA28 /* Copy Frameworks */ = {
			isa = PBXCopyFilesBuildPhase;
			buildActionMask = 2147483647;
			dstPath = "";
			dstSubfolderSpec = 10;
			files = (
				84F03ABE1B82D98D00FFFA28 /* SDMMobileDevice.framework in Copy Frameworks */,
			);
			name = "Copy Frameworks";
			runOnlyForDeploymentPostprocessing = 0;
		};
/* End PBXCopyFilesBuildPhase section */

/* Begin PBXFileReference section */
		84F03A961B82D79200FFFA28 /* MyMobileCleaner.app */ = {isa = PBXFileReference; explicitFileType = wrapper.application; includeInIndex = 0; path = MyMobileCleaner.app; sourceTree = BUILT_PRODUCTS_DIR; };
		84F03A9A1B82D79200FFFA28 /* Info.plist */ = {isa = PBXFileReference; lastKnownFileType = text.plist.xml; path = Info.plist; sourceTree = "<group>"; };
		84F03A9B1B82D79200FFFA28 /* AppDelegate.h */ = {isa = PBXFileReference; lastKnownFileType = sourcecode.c.h; path = AppDelegate.h; sourceTree = "<group>"; };
		84F03A9C1B82D79200FFFA28 /* AppDelegate.m */ = {isa = PBXFileReference; lastKnownFileType = sourcecode.c.objc; path = AppDelegate.m; sourceTree = "<group>"; };
		84F03A9E1B82D79200FFFA28 /* main.m */ = {isa = PBXFileReference; lastKnownFileType = sourcecode.c.objc; path = main.m; sourceTree = "<group>"; };
		84F03AA01B82D79200FFFA28 /* Images.xcassets */ = {isa = PBXFileReference; lastKnownFileType = folder.assetcatalog; path = Images.xcassets; sourceTree = "<group>"; };
		84F03AA31B82D79200FFFA28 /* Base */ = {isa = PBXFileReference; lastKnownFileType = file.xib; name = Base; path = Base.lproj/MainMenu.xib; sourceTree = "<group>"; };
		84F03AA91B82D79200FFFA28 /* MyMobileCleanerTests.xctest */ = {isa = PBXFileReference; explicitFileType = wrapper.cfbundle; includeInIndex = 0; path = MyMobileCleanerTests.xctest; sourceTree = BUILT_PRODUCTS_DIR; };
		84F03AAE1B82D79200FFFA28 /* Info.plist */ = {isa = PBXFileReference; lastKnownFileType = text.plist.xml; path = Info.plist; sourceTree = "<group>"; };
		84F03AAF1B82D79200FFFA28 /* MyMobileCleanerTests.m */ = {isa = PBXFileReference; lastKnownFileType = sourcecode.c.objc; path = MyMobileCleanerTests.m; sourceTree = "<group>"; };
		84F03ABB1B82D85200FFFA28 /* SDMMobileDevice.framework */ = {isa = PBXFileReference; lastKnownFileType = wrapper.framework; path = SDMMobileDevice.framework; sourceTree = "<group>"; };
		84F03AC11B82DABF00FFFA28 /* MCDeviceController.h */ = {isa = PBXFileReference; fileEncoding = 4; lastKnownFileType = sourcecode.c.h; name = MCDeviceController.h; path = Core/MCDeviceController.h; sourceTree = "<group>"; };
		84F03AC21B82DABF00FFFA28 /* MCDeviceController.m */ = {isa = PBXFileReference; fileEncoding = 4; lastKnownFileType = sourcecode.c.objc; name = MCDeviceController.m; path = Core/MCDeviceController.m; sourceTree = "<group>"; };
		84F03AC51B83204600FFFA28 /* MCDevice.h */ = {isa = PBXFileReference; fileEncoding = 4; lastKnownFileType = sourcecode.c.h; name = MCDevice.h; path = Core/MCDevice.h; sourceTree = "<group>"; };
		84F03AC61B83204600FFFA28 /* MCDevice.m */ = {isa = PBXFileReference; fileEncoding = 4; lastKnownFileType = sourcecode.c.objc; name = MCDevice.m; path = Core/MCDevice.m; sourceTree = "<group>"; };
/* End PBXFileReference section */

/* Begin PBXFrameworksBuildPhase section */
		84F03A931B82D79200FFFA28 /* Frameworks */ = {
			isa = PBXFrameworksBuildPhase;
			buildActionMask = 2147483647;
			files = (
				84F03ABF1B82D9F400FFFA28 /* SDMMobileDevice.framework in Frameworks */,
			);
			runOnlyForDeploymentPostprocessing = 0;
		};
		84F03AA61B82D79200FFFA28 /* Frameworks */ = {
			isa = PBXFrameworksBuildPhase;
			buildActionMask = 2147483647;
			files = (
			);
			runOnlyForDeploymentPostprocessing = 0;
		};
/* End PBXFrameworksBuildPhase section */

/* Begin PBXGroup section */
		84F03A8D1B82D79200FFFA28 = {
			isa = PBXGroup;
			children = (
				84F03A981B82D79200FFFA28 /* MyMobileCleaner */,
				84F03ABA1B82D85200FFFA28 /* 3rd */,
				84F03AAC1B82D79200FFFA28 /* MyMobileCleanerTests */,
				84F03A971B82D79200FFFA28 /* Products */,
			);
			sourceTree = "<group>";
		};
		84F03A971B82D79200FFFA28 /* Products */ = {
			isa = PBXGroup;
			children = (
				84F03A961B82D79200FFFA28 /* MyMobileCleaner.app */,
				84F03AA91B82D79200FFFA28 /* MyMobileCleanerTests.xctest */,
			);
			name = Products;
			sourceTree = "<group>";
		};
		84F03A981B82D79200FFFA28 /* MyMobileCleaner */ = {
			isa = PBXGroup;
			children = (
				84F03A9B1B82D79200FFFA28 /* AppDelegate.h */,
				84F03A9C1B82D79200FFFA28 /* AppDelegate.m */,
				84F03AC01B82DAA200FFFA28 /* Core */,
				84F03A991B82D79200FFFA28 /* Supporting Files */,
			);
			path = MyMobileCleaner;
			sourceTree = "<group>";
		};
		84F03A991B82D79200FFFA28 /* Supporting Files */ = {
			isa = PBXGroup;
			children = (
				84F03AA01B82D79200FFFA28 /* Images.xcassets */,
				84F03AA21B82D79200FFFA28 /* MainMenu.xib */,
				84F03A9A1B82D79200FFFA28 /* Info.plist */,
				84F03A9E1B82D79200FFFA28 /* main.m */,
			);
			name = "Supporting Files";
			sourceTree = "<group>";
		};
		84F03AAC1B82D79200FFFA28 /* MyMobileCleanerTests */ = {
			isa = PBXGroup;
			children = (
				84F03AAF1B82D79200FFFA28 /* MyMobileCleanerTests.m */,
				84F03AAD1B82D79200FFFA28 /* Supporting Files */,
			);
			path = MyMobileCleanerTests;
			sourceTree = "<group>";
		};
		84F03AAD1B82D79200FFFA28 /* Supporting Files */ = {
			isa = PBXGroup;
			children = (
				84F03AAE1B82D79200FFFA28 /* Info.plist */,
			);
			name = "Supporting Files";
			sourceTree = "<group>";
		};
		84F03ABA1B82D85200FFFA28 /* 3rd */ = {
			isa = PBXGroup;
			children = (
				84F03ABB1B82D85200FFFA28 /* SDMMobileDevice.framework */,
			);
			path = 3rd;
			sourceTree = "<group>";
		};
		84F03AC01B82DAA200FFFA28 /* Core */ = {
			isa = PBXGroup;
			children = (
				84F03AC11B82DABF00FFFA28 /* MCDeviceController.h */,
				84F03AC21B82DABF00FFFA28 /* MCDeviceController.m */,
				84F03AC51B83204600FFFA28 /* MCDevice.h */,
				84F03AC61B83204600FFFA28 /* MCDevice.m */,
			);
			name = Core;
			sourceTree = "<group>";
		};
/* End PBXGroup section */

/* Begin PBXNativeTarget section */
		84F03A951B82D79200FFFA28 /* MyMobileCleaner */ = {
			isa = PBXNativeTarget;
			buildConfigurationList = 84F03AB31B82D79200FFFA28 /* Build configuration list for PBXNativeTarget "MyMobileCleaner" */;
			buildPhases = (
				84F03A921B82D79200FFFA28 /* Sources */,
				84F03A931B82D79200FFFA28 /* Frameworks */,
				84F03A941B82D79200FFFA28 /* Resources */,
				84F03ABD1B82D98400FFFA28 /* Copy Frameworks */,
			);
			buildRules = (
			);
			dependencies = (
			);
			name = MyMobileCleaner;
			productName = MyMobileCleaner;
			productReference = 84F03A961B82D79200FFFA28 /* MyMobileCleaner.app */;
			productType = "com.apple.product-type.application";
		};
		84F03AA81B82D79200FFFA28 /* MyMobileCleanerTests */ = {
			isa = PBXNativeTarget;
			buildConfigurationList = 84F03AB61B82D79200FFFA28 /* Build configuration list for PBXNativeTarget "MyMobileCleanerTests" */;
			buildPhases = (
				84F03AA51B82D79200FFFA28 /* Sources */,
				84F03AA61B82D79200FFFA28 /* Frameworks */,
				84F03AA71B82D79200FFFA28 /* Resources */,
			);
			buildRules = (
			);
			dependencies = (
				84F03AAB1B82D79200FFFA28 /* PBXTargetDependency */,
			);
			name = MyMobileCleanerTests;
			productName = MyMobileCleanerTests;
			productReference = 84F03AA91B82D79200FFFA28 /* MyMobileCleanerTests.xctest */;
			productType = "com.apple.product-type.bundle.unit-test";
		};
/* End PBXNativeTarget section */

/* Begin PBXProject section */
		84F03A8E1B82D79200FFFA28 /* Project object */ = {
			isa = PBXProject;
			attributes = {
				LastUpgradeCheck = 0640;
				ORGANIZATIONNAME = GoKuStudio;
				TargetAttributes = {
					84F03A951B82D79200FFFA28 = {
						CreatedOnToolsVersion = 6.4;
					};
					84F03AA81B82D79200FFFA28 = {
						CreatedOnToolsVersion = 6.4;
						TestTargetID = 84F03A951B82D79200FFFA28;
					};
				};
			};
			buildConfigurationList = 84F03A911B82D79200FFFA28 /* Build configuration list for PBXProject "MyMobileCleaner" */;
			compatibilityVersion = "Xcode 3.2";
			developmentRegion = English;
			hasScannedForEncodings = 0;
			knownRegions = (
				en,
				Base,
			);
			mainGroup = 84F03A8D1B82D79200FFFA28;
			productRefGroup = 84F03A971B82D79200FFFA28 /* Products */;
			projectDirPath = "";
			projectRoot = "";
			targets = (
				84F03A951B82D79200FFFA28 /* MyMobileCleaner */,
				84F03AA81B82D79200FFFA28 /* MyMobileCleanerTests */,
			);
		};
/* End PBXProject section */

/* Begin PBXResourcesBuildPhase section */
		84F03A941B82D79200FFFA28 /* Resources */ = {
			isa = PBXResourcesBuildPhase;
			buildActionMask = 2147483647;
			files = (
				84F03AA11B82D79200FFFA28 /* Images.xcassets in Resources */,
				84F03AA41B82D79200FFFA28 /* MainMenu.xib in Resources */,
			);
			runOnlyForDeploymentPostprocessing = 0;
		};
		84F03AA71B82D79200FFFA28 /* Resources */ = {
			isa = PBXResourcesBuildPhase;
			buildActionMask = 2147483647;
			files = (
			);
			runOnlyForDeploymentPostprocessing = 0;
		};
/* End PBXResourcesBuildPhase section */

/* Begin PBXSourcesBuildPhase section */
		84F03A921B82D79200FFFA28 /* Sources */ = {
			isa = PBXSourcesBuildPhase;
			buildActionMask = 2147483647;
			files = (
				84F03A9F1B82D79200FFFA28 /* main.m in Sources */,
				84F03AC71B83204600FFFA28 /* MCDevice.m in Sources */,
				84F03AC31B82DABF00FFFA28 /* MCDeviceController.m in Sources */,
				84F03A9D1B82D79200FFFA28 /* AppDelegate.m in Sources */,
			);
			runOnlyForDeploymentPostprocessing = 0;
		};
		84F03AA51B82D79200FFFA28 /* Sources */ = {
			isa = PBXSourcesBuildPhase;
			buildActionMask = 2147483647;
			files = (
				84F03AB01B82D79200FFFA28 /* MyMobileCleanerTests.m in Sources */,
			);
			runOnlyForDeploymentPostprocessing = 0;
		};
/* End PBXSourcesBuildPhase section */

/* Begin PBXTargetDependency section */
		84F03AAB1B82D79200FFFA28 /* PBXTargetDependency */ = {
			isa = PBXTargetDependency;
			target = 84F03A951B82D79200FFFA28 /* MyMobileCleaner */;
			targetProxy = 84F03AAA1B82D79200FFFA28 /* PBXContainerItemProxy */;
		};
/* End PBXTargetDependency section */

/* Begin PBXVariantGroup section */
		84F03AA21B82D79200FFFA28 /* MainMenu.xib */ = {
			isa = PBXVariantGroup;
			children = (
				84F03AA31B82D79200FFFA28 /* Base */,
			);
			name = MainMenu.xib;
			sourceTree = "<group>";
		};
/* End PBXVariantGroup section */

/* Begin XCBuildConfiguration section */
		84F03AB11B82D79200FFFA28 /* Debug */ = {
			isa = XCBuildConfiguration;
			buildSettings = {
				ALWAYS_SEARCH_USER_PATHS = NO;
				CLANG_CXX_LANGUAGE_STANDARD = "gnu++0x";
				CLANG_CXX_LIBRARY = "libc++";
				CLANG_ENABLE_MODULES = YES;
				CLANG_ENABLE_OBJC_ARC = YES;
				CLANG_WARN_BOOL_CONVERSION = YES;
				CLANG_WARN_CONSTANT_CONVERSION = YES;
				CLANG_WARN_DIRECT_OBJC_ISA_USAGE = YES_ERROR;
				CLANG_WARN_EMPTY_BODY = YES;
				CLANG_WARN_ENUM_CONVERSION = YES;
				CLANG_WARN_INT_CONVERSION = YES;
				CLANG_WARN_OBJC_ROOT_CLASS = YES_ERROR;
				CLANG_WARN_UNREACHABLE_CODE = YES;
				CLANG_WARN__DUPLICATE_METHOD_MATCH = YES;
				CODE_SIGN_IDENTITY = "-";
				COPY_PHASE_STRIP = NO;
				DEBUG_INFORMATION_FORMAT = dwarf;
				ENABLE_STRICT_OBJC_MSGSEND = YES;
				GCC_C_LANGUAGE_STANDARD = gnu99;
				GCC_DYNAMIC_NO_PIC = NO;
				GCC_NO_COMMON_BLOCKS = YES;
				GCC_OPTIMIZATION_LEVEL = 0;
				GCC_PREPROCESSOR_DEFINITIONS = (
					"DEBUG=1",
					"$(inherited)",
				);
				GCC_SYMBOLS_PRIVATE_EXTERN = NO;
				GCC_WARN_64_TO_32_BIT_CONVERSION = YES;
				GCC_WARN_ABOUT_RETURN_TYPE = YES_ERROR;
				GCC_WARN_UNDECLARED_SELECTOR = YES;
				GCC_WARN_UNINITIALIZED_AUTOS = YES_AGGRESSIVE;
				GCC_WARN_UNUSED_FUNCTION = YES;
				GCC_WARN_UNUSED_VARIABLE = YES;
				MACOSX_DEPLOYMENT_TARGET = 10.10;
				MTL_ENABLE_DEBUG_INFO = YES;
				ONLY_ACTIVE_ARCH = YES;
				SDKROOT = macosx;
			};
			name = Debug;
		};
		84F03AB21B82D79200FFFA28 /* Release */ = {
			isa = XCBuildConfiguration;
			buildSettings = {
				ALWAYS_SEARCH_USER_PATHS = NO;
				CLANG_CXX_LANGUAGE_STANDARD = "gnu++0x";
				CLANG_CXX_LIBRARY = "libc++";
				CLANG_ENABLE_MODULES = YES;
				CLANG_ENABLE_OBJC_ARC = YES;
				CLANG_WARN_BOOL_CONVERSION = YES;
				CLANG_WARN_CONSTANT_CONVERSION = YES;
				CLANG_WARN_DIRECT_OBJC_ISA_USAGE = YES_ERROR;
				CLANG_WARN_EMPTY_BODY = YES;
				CLANG_WARN_ENUM_CONVERSION = YES;
				CLANG_WARN_INT_CONVERSION = YES;
				CLANG_WARN_OBJC_ROOT_CLASS = YES_ERROR;
				CLANG_WARN_UNREACHABLE_CODE = YES;
				CLANG_WARN__DUPLICATE_METHOD_MATCH = YES;
				CODE_SIGN_IDENTITY = "-";
				COPY_PHASE_STRIP = NO;
				DEBUG_INFORMATION_FORMAT = "dwarf-with-dsym";
				ENABLE_NS_ASSERTIONS = NO;
				ENABLE_STRICT_OBJC_MSGSEND = YES;
				GCC_C_LANGUAGE_STANDARD = gnu99;
				GCC_NO_COMMON_BLOCKS = YES;
				GCC_WARN_64_TO_32_BIT_CONVERSION = YES;
				GCC_WARN_ABOUT_RETURN_TYPE = YES_ERROR;
				GCC_WARN_UNDECLARED_SELECTOR = YES;
				GCC_WARN_UNINITIALIZED_AUTOS = YES_AGGRESSIVE;
				GCC_WARN_UNUSED_FUNCTION = YES;
				GCC_WARN_UNUSED_VARIABLE = YES;
				MACOSX_DEPLOYMENT_TARGET = 10.10;
				MTL_ENABLE_DEBUG_INFO = NO;
				SDKROOT = macosx;
			};
			name = Release;
		};
		84F03AB41B82D79200FFFA28 /* Debug */ = {
			isa = XCBuildConfiguration;
			buildSettings = {
				ALWAYS_SEARCH_USER_PATHS = YES;
				ASSETCATALOG_COMPILER_APPICON_NAME = AppIcon;
				COMBINE_HIDPI_IMAGES = YES;
				FRAMEWORK_SEARCH_PATHS = (
					"$(inherited)",
					"$(PROJECT_DIR)/3rd",
				);
				INFOPLIST_FILE = MyMobileCleaner/Info.plist;
				LD_RUNPATH_SEARCH_PATHS = "$(inherited) @executable_path/../Frameworks";
				PRODUCT_NAME = "$(TARGET_NAME)";
				USER_HEADER_SEARCH_PATHS = "$(PROJECT_DIR)/3rd/SDMMobileDevice.framework/Headers";
			};
			name = Debug;
		};
		84F03AB51B82D79200FFFA28 /* Release */ = {
			isa = XCBuildConfiguration;
			buildSettings = {
				ALWAYS_SEARCH_USER_PATHS = YES;
				ASSETCATALOG_COMPILER_APPICON_NAME = AppIcon;
				COMBINE_HIDPI_IMAGES = YES;
				FRAMEWORK_SEARCH_PATHS = (
					"$(inherited)",
					"$(PROJECT_DIR)/3rd",
				);
				INFOPLIST_FILE = MyMobileCleaner/Info.plist;
				LD_RUNPATH_SEARCH_PATHS = "$(inherited) @executable_path/../Frameworks";
				PRODUCT_NAME = "$(TARGET_NAME)";
				USER_HEADER_SEARCH_PATHS = "$(PROJECT_DIR)/3rd/SDMMobileDevice.framework/Headers";
			};
			name = Release;
		};
		84F03AB71B82D79200FFFA28 /* Debug */ = {
			isa = XCBuildConfiguration;
			buildSettings = {
				BUNDLE_LOADER = "$(TEST_HOST)";
				COMBINE_HIDPI_IMAGES = YES;
				FRAMEWORK_SEARCH_PATHS = (
					"$(DEVELOPER_FRAMEWORKS_DIR)",
					"$(inherited)",
				);
				GCC_PREPROCESSOR_DEFINITIONS = (
					"DEBUG=1",
					"$(inherited)",
				);
				INFOPLIST_FILE = MyMobileCleanerTests/Info.plist;
				LD_RUNPATH_SEARCH_PATHS = "$(inherited) @executable_path/../Frameworks @loader_path/../Frameworks";
				PRODUCT_NAME = "$(TARGET_NAME)";
				TEST_HOST = "$(BUILT_PRODUCTS_DIR)/MyMobileCleaner.app/Contents/MacOS/MyMobileCleaner";
			};
			name = Debug;
		};
		84F03AB81B82D79200FFFA28 /* Release */ = {
			isa = XCBuildConfiguration;
			buildSettings = {
				BUNDLE_LOADER = "$(TEST_HOST)";
				COMBINE_HIDPI_IMAGES = YES;
				FRAMEWORK_SEARCH_PATHS = (
					"$(DEVELOPER_FRAMEWORKS_DIR)",
					"$(inherited)",
				);
				INFOPLIST_FILE = MyMobileCleanerTests/Info.plist;
				LD_RUNPATH_SEARCH_PATHS = "$(inherited) @executable_path/../Frameworks @loader_path/../Frameworks";
				PRODUCT_NAME = "$(TARGET_NAME)";
				TEST_HOST = "$(BUILT_PRODUCTS_DIR)/MyMobileCleaner.app/Contents/MacOS/MyMobileCleaner";
			};
			name = Release;
		};
/* End XCBuildConfiguration section */

/* Begin XCConfigurationList section */
		84F03A911B82D79200FFFA28 /* Build configuration list for PBXProject "MyMobileCleaner" */ = {
			isa = XCConfigurationList;
			buildConfigurations = (
				84F03AB11B82D79200FFFA28 /* Debug */,
				84F03AB21B82D79200FFFA28 /* Release */,
			);
			defaultConfigurationIsVisible = 0;
			defaultConfigurationName = Release;
		};
		84F03AB31B82D79200FFFA28 /* Build configuration list for PBXNativeTarget "MyMobileCleaner" */ = {
			isa = XCConfigurationList;
			buildConfigurations = (
				84F03AB41B82D79200FFFA28 /* Debug */,
				84F03AB51B82D79200FFFA28 /* Release */,
			);
			defaultConfigurationIsVisible = 0;
		};
		84F03AB61B82D79200FFFA28 /* Build configuration list for PBXNativeTarget "MyMobileCleanerTests" */ = {
			isa = XCConfigurationList;
			buildConfigurations = (
				84F03AB71B82D79200FFFA28 /* Debug */,
				84F03AB81B82D79200FFFA28 /* Release */,
			);
			defaultConfigurationIsVisible = 0;
		};
/* End XCConfigurationList section */
	};
	rootObject = 84F03A8E1B82D79200FFFA28 /* Project object */;
}
