// !$*UTF8*$!
{
	archiveVersion = 1;
	classes = {
	};
	objectVersion = 46;
	objects = {

/* Begin PBXBuildFile section */
		84BEE1631B85C3D6000F3DC1 /* MCMainWindowController.m in Sources */ = {isa = PBXBuildFile; fileRef = 84BEE1611B85C3D6000F3DC1 /* MCMainWindowController.m */; };
		84BEE1641B85C3D6000F3DC1 /* MCMainWindowController.xib in Resources */ = {isa = PBXBuildFile; fileRef = 84BEE1621B85C3D6000F3DC1 /* MCMainWindowController.xib */; };
		84BEE1691B85CD48000F3DC1 /* MCStageViewController.m in Sources */ = {isa = PBXBuildFile; fileRef = 84BEE1671B85CD48000F3DC1 /* MCStageViewController.m */; };
		84BEE1701B86C2F3000F3DC1 /* MCStageNoConnectionViewController.m in Sources */ = {isa = PBXBuildFile; fileRef = 84BEE16E1B86C2F3000F3DC1 /* MCStageNoConnectionViewController.m */; };
		84BEE1711B86C2F3000F3DC1 /* MCStageNoConnectionViewController.xib in Resources */ = {isa = PBXBuildFile; fileRef = 84BEE16F1B86C2F3000F3DC1 /* MCStageNoConnectionViewController.xib */; };
		84BEE1751B86C378000F3DC1 /* MCStageConnectedButUnPairedViewController.m in Sources */ = {isa = PBXBuildFile; fileRef = 84BEE1731B86C378000F3DC1 /* MCStageConnectedButUnPairedViewController.m */; };
		84BEE1761B86C378000F3DC1 /* MCStageConnectedButUnPairedViewController.xib in Resources */ = {isa = PBXBuildFile; fileRef = 84BEE1741B86C378000F3DC1 /* MCStageConnectedButUnPairedViewController.xib */; };
		84BEE17A1B86C398000F3DC1 /* MCStageConnectedAndPairedViewController.m in Sources */ = {isa = PBXBuildFile; fileRef = 84BEE1781B86C398000F3DC1 /* MCStageConnectedAndPairedViewController.m */; };
		84BEE17B1B86C398000F3DC1 /* MCStageConnectedAndPairedViewController.xib in Resources */ = {isa = PBXBuildFile; fileRef = 84BEE1791B86C398000F3DC1 /* MCStageConnectedAndPairedViewController.xib */; };
		84BEE17F1B86C3BD000F3DC1 /* MCStageScanningViewController.m in Sources */ = {isa = PBXBuildFile; fileRef = 84BEE17D1B86C3BD000F3DC1 /* MCStageScanningViewController.m */; };
		84BEE1801B86C3BD000F3DC1 /* MCStageScanningViewController.xib in Resources */ = {isa = PBXBuildFile; fileRef = 84BEE17E1B86C3BD000F3DC1 /* MCStageScanningViewController.xib */; };
		84BEE1841B86C3E3000F3DC1 /* MCStageScanDoneViewController.m in Sources */ = {isa = PBXBuildFile; fileRef = 84BEE1821B86C3E3000F3DC1 /* MCStageScanDoneViewController.m */; };
		84BEE1851B86C3E3000F3DC1 /* MCStageScanDoneViewController.xib in Resources */ = {isa = PBXBuildFile; fileRef = 84BEE1831B86C3E3000F3DC1 /* MCStageScanDoneViewController.xib */; };
		84BEE1891B86C3FF000F3DC1 /* MCStageCleaningViewController.m in Sources */ = {isa = PBXBuildFile; fileRef = 84BEE1871B86C3FF000F3DC1 /* MCStageCleaningViewController.m */; };
		84BEE18A1B86C3FF000F3DC1 /* MCStageCleaningViewController.xib in Resources */ = {isa = PBXBuildFile; fileRef = 84BEE1881B86C3FF000F3DC1 /* MCStageCleaningViewController.xib */; };
		84BEE18E1B86C41B000F3DC1 /* MCStageCleanDoneViewController.m in Sources */ = {isa = PBXBuildFile; fileRef = 84BEE18C1B86C41B000F3DC1 /* MCStageCleanDoneViewController.m */; };
		84BEE18F1B86C41B000F3DC1 /* MCStageCleanDoneViewController.xib in Resources */ = {isa = PBXBuildFile; fileRef = 84BEE18D1B86C41B000F3DC1 /* MCStageCleanDoneViewController.xib */; };
		84BEE1931B86C8A2000F3DC1 /* MCColorBackgroundView.m in Sources */ = {isa = PBXBuildFile; fileRef = 84BEE1921B86C8A2000F3DC1 /* MCColorBackgroundView.m */; };
		84BEE1A51B8749DD000F3DC1 /* MCCustomWindow.m in Sources */ = {isa = PBXBuildFile; fileRef = 84BEE1A41B8749DD000F3DC1 /* MCCustomWindow.m */; };
		84BEE1AB1B874A6E000F3DC1 /* MCCustomWindowButtonBar.m in Sources */ = {isa = PBXBuildFile; fileRef = 84BEE1AA1B874A6E000F3DC1 /* MCCustomWindowButtonBar.m */; };
		84F03A9D1B82D79200FFFA28 /* AppDelegate.m in Sources */ = {isa = PBXBuildFile; fileRef = 84F03A9C1B82D79200FFFA28 /* AppDelegate.m */; };
		84F03A9F1B82D79200FFFA28 /* main.m in Sources */ = {isa = PBXBuildFile; fileRef = 84F03A9E1B82D79200FFFA28 /* main.m */; };
		84F03AA11B82D79200FFFA28 /* Images.xcassets in Resources */ = {isa = PBXBuildFile; fileRef = 84F03AA01B82D79200FFFA28 /* Images.xcassets */; };
		84F03AA41B82D79200FFFA28 /* MainMenu.xib in Resources */ = {isa = PBXBuildFile; fileRef = 84F03AA21B82D79200FFFA28 /* MainMenu.xib */; };
		84F03AB01B82D79200FFFA28 /* MyMobileCleanerTests.m in Sources */ = {isa = PBXBuildFile; fileRef = 84F03AAF1B82D79200FFFA28 /* MyMobileCleanerTests.m */; };
		84F03ABE1B82D98D00FFFA28 /* SDMMobileDevice.framework in Copy Frameworks */ = {isa = PBXBuildFile; fileRef = 84F03ABB1B82D85200FFFA28 /* SDMMobileDevice.framework */; settings = {ATTRIBUTES = (CodeSignOnCopy, RemoveHeadersOnCopy, ); }; };
		84F03ABF1B82D9F400FFFA28 /* SDMMobileDevice.framework in Frameworks */ = {isa = PBXBuildFile; fileRef = 84F03ABB1B82D85200FFFA28 /* SDMMobileDevice.framework */; };
		84F03AC31B82DABF00FFFA28 /* MCDeviceController.m in Sources */ = {isa = PBXBuildFile; fileRef = 84F03AC21B82DABF00FFFA28 /* MCDeviceController.m */; };
		84F03AC71B83204600FFFA28 /* MCDevice.m in Sources */ = {isa = PBXBuildFile; fileRef = 84F03AC61B83204600FFFA28 /* MCDevice.m */; };
		E57FAD6E1B84B33100ABF2D0 /* MCDeviceInfoHub.m in Sources */ = {isa = PBXBuildFile; fileRef = E57FAD6D1B84B33100ABF2D0 /* MCDeviceInfoHub.m */; };
		E5B240301B89CB4400A2BC03 /* MyMobileCleaner.strings in Resources */ = {isa = PBXBuildFile; fileRef = E5B240321B89CB4400A2BC03 /* MyMobileCleaner.strings */; };
/* End PBXBuildFile section */

/* Begin PBXContainerItemProxy section */
		84F03AAA1B82D79200FFFA28 /* PBXContainerItemProxy */ = {
			isa = PBXContainerItemProxy;
			containerPortal = 84F03A8E1B82D79200FFFA28 /* Project object */;
			proxyType = 1;
			remoteGlobalIDString = 84F03A951B82D79200FFFA28;
			remoteInfo = MyMobileCleaner;
		};
/* End PBXContainerItemProxy section */

/* Begin PBXCopyFilesBuildPhase section */
		84F03ABD1B82D98400FFFA28 /* Copy Frameworks */ = {
			isa = PBXCopyFilesBuildPhase;
			buildActionMask = 2147483647;
			dstPath = "";
			dstSubfolderSpec = 10;
			files = (
				84F03ABE1B82D98D00FFFA28 /* SDMMobileDevice.framework in Copy Frameworks */,
			);
			name = "Copy Frameworks";
			runOnlyForDeploymentPostprocessing = 0;
		};
/* End PBXCopyFilesBuildPhase section */

/* Begin PBXFileReference section */
		84BEE1601B85C3D6000F3DC1 /* MCMainWindowController.h */ = {isa = PBXFileReference; fileEncoding = 4; lastKnownFileType = sourcecode.c.h; name = MCMainWindowController.h; path = ViewController/MCMainWindowController.h; sourceTree = "<group>"; };
		84BEE1611B85C3D6000F3DC1 /* MCMainWindowController.m */ = {isa = PBXFileReference; fileEncoding = 4; lastKnownFileType = sourcecode.c.objc; name = MCMainWindowController.m; path = ViewController/MCMainWindowController.m; sourceTree = "<group>"; };
		84BEE1621B85C3D6000F3DC1 /* MCMainWindowController.xib */ = {isa = PBXFileReference; fileEncoding = 4; lastKnownFileType = file.xib; name = MCMainWindowController.xib; path = ViewController/MCMainWindowController.xib; sourceTree = "<group>"; };
		84BEE1661B85CD48000F3DC1 /* MCStageViewController.h */ = {isa = PBXFileReference; fileEncoding = 4; lastKnownFileType = sourcecode.c.h; name = MCStageViewController.h; path = ViewController/MCStageViewController.h; sourceTree = "<group>"; };
		84BEE1671B85CD48000F3DC1 /* MCStageViewController.m */ = {isa = PBXFileReference; fileEncoding = 4; lastKnownFileType = sourcecode.c.objc; name = MCStageViewController.m; path = ViewController/MCStageViewController.m; sourceTree = "<group>"; };
		84BEE16D1B86C2F3000F3DC1 /* MCStageNoConnectionViewController.h */ = {isa = PBXFileReference; fileEncoding = 4; lastKnownFileType = sourcecode.c.h; name = MCStageNoConnectionViewController.h; path = ViewController/MCStageNoConnectionViewController.h; sourceTree = "<group>"; };
		84BEE16E1B86C2F3000F3DC1 /* MCStageNoConnectionViewController.m */ = {isa = PBXFileReference; fileEncoding = 4; lastKnownFileType = sourcecode.c.objc; name = MCStageNoConnectionViewController.m; path = ViewController/MCStageNoConnectionViewController.m; sourceTree = "<group>"; };
		84BEE16F1B86C2F3000F3DC1 /* MCStageNoConnectionViewController.xib */ = {isa = PBXFileReference; fileEncoding = 4; lastKnownFileType = file.xib; name = MCStageNoConnectionViewController.xib; path = ViewController/MCStageNoConnectionViewController.xib; sourceTree = "<group>"; };
		84BEE1721B86C378000F3DC1 /* MCStageConnectedButUnPairedViewController.h */ = {isa = PBXFileReference; fileEncoding = 4; lastKnownFileType = sourcecode.c.h; name = MCStageConnectedButUnPairedViewController.h; path = ViewController/MCStageConnectedButUnPairedViewController.h; sourceTree = "<group>"; };
		84BEE1731B86C378000F3DC1 /* MCStageConnectedButUnPairedViewController.m */ = {isa = PBXFileReference; fileEncoding = 4; lastKnownFileType = sourcecode.c.objc; name = MCStageConnectedButUnPairedViewController.m; path = ViewController/MCStageConnectedButUnPairedViewController.m; sourceTree = "<group>"; };
		84BEE1741B86C378000F3DC1 /* MCStageConnectedButUnPairedViewController.xib */ = {isa = PBXFileReference; fileEncoding = 4; lastKnownFileType = file.xib; name = MCStageConnectedButUnPairedViewController.xib; path = ViewController/MCStageConnectedButUnPairedViewController.xib; sourceTree = "<group>"; };
		84BEE1771B86C398000F3DC1 /* MCStageConnectedAndPairedViewController.h */ = {isa = PBXFileReference; fileEncoding = 4; lastKnownFileType = sourcecode.c.h; name = MCStageConnectedAndPairedViewController.h; path = ViewController/MCStageConnectedAndPairedViewController.h; sourceTree = "<group>"; };
		84BEE1781B86C398000F3DC1 /* MCStageConnectedAndPairedViewController.m */ = {isa = PBXFileReference; fileEncoding = 4; lastKnownFileType = sourcecode.c.objc; name = MCStageConnectedAndPairedViewController.m; path = ViewController/MCStageConnectedAndPairedViewController.m; sourceTree = "<group>"; };
		84BEE1791B86C398000F3DC1 /* MCStageConnectedAndPairedViewController.xib */ = {isa = PBXFileReference; fileEncoding = 4; lastKnownFileType = file.xib; name = MCStageConnectedAndPairedViewController.xib; path = ViewController/MCStageConnectedAndPairedViewController.xib; sourceTree = "<group>"; };
		84BEE17C1B86C3BD000F3DC1 /* MCStageScanningViewController.h */ = {isa = PBXFileReference; fileEncoding = 4; lastKnownFileType = sourcecode.c.h; name = MCStageScanningViewController.h; path = ViewController/MCStageScanningViewController.h; sourceTree = "<group>"; };
		84BEE17D1B86C3BD000F3DC1 /* MCStageScanningViewController.m */ = {isa = PBXFileReference; fileEncoding = 4; lastKnownFileType = sourcecode.c.objc; name = MCStageScanningViewController.m; path = ViewController/MCStageScanningViewController.m; sourceTree = "<group>"; };
		84BEE17E1B86C3BD000F3DC1 /* MCStageScanningViewController.xib */ = {isa = PBXFileReference; fileEncoding = 4; lastKnownFileType = file.xib; name = MCStageScanningViewController.xib; path = ViewController/MCStageScanningViewController.xib; sourceTree = "<group>"; };
		84BEE1811B86C3E3000F3DC1 /* MCStageScanDoneViewController.h */ = {isa = PBXFileReference; fileEncoding = 4; lastKnownFileType = sourcecode.c.h; name = MCStageScanDoneViewController.h; path = ViewController/MCStageScanDoneViewController.h; sourceTree = "<group>"; };
		84BEE1821B86C3E3000F3DC1 /* MCStageScanDoneViewController.m */ = {isa = PBXFileReference; fileEncoding = 4; lastKnownFileType = sourcecode.c.objc; name = MCStageScanDoneViewController.m; path = ViewController/MCStageScanDoneViewController.m; sourceTree = "<group>"; };
		84BEE1831B86C3E3000F3DC1 /* MCStageScanDoneViewController.xib */ = {isa = PBXFileReference; fileEncoding = 4; lastKnownFileType = file.xib; name = MCStageScanDoneViewController.xib; path = ViewController/MCStageScanDoneViewController.xib; sourceTree = "<group>"; };
		84BEE1861B86C3FF000F3DC1 /* MCStageCleaningViewController.h */ = {isa = PBXFileReference; fileEncoding = 4; lastKnownFileType = sourcecode.c.h; name = MCStageCleaningViewController.h; path = ViewController/MCStageCleaningViewController.h; sourceTree = "<group>"; };
		84BEE1871B86C3FF000F3DC1 /* MCStageCleaningViewController.m */ = {isa = PBXFileReference; fileEncoding = 4; lastKnownFileType = sourcecode.c.objc; name = MCStageCleaningViewController.m; path = ViewController/MCStageCleaningViewController.m; sourceTree = "<group>"; };
		84BEE1881B86C3FF000F3DC1 /* MCStageCleaningViewController.xib */ = {isa = PBXFileReference; fileEncoding = 4; lastKnownFileType = file.xib; name = MCStageCleaningViewController.xib; path = ViewController/MCStageCleaningViewController.xib; sourceTree = "<group>"; };
		84BEE18B1B86C41B000F3DC1 /* MCStageCleanDoneViewController.h */ = {isa = PBXFileReference; fileEncoding = 4; lastKnownFileType = sourcecode.c.h; name = MCStageCleanDoneViewController.h; path = ViewController/MCStageCleanDoneViewController.h; sourceTree = "<group>"; };
		84BEE18C1B86C41B000F3DC1 /* MCStageCleanDoneViewController.m */ = {isa = PBXFileReference; fileEncoding = 4; lastKnownFileType = sourcecode.c.objc; name = MCStageCleanDoneViewController.m; path = ViewController/MCStageCleanDoneViewController.m; sourceTree = "<group>"; };
		84BEE18D1B86C41B000F3DC1 /* MCStageCleanDoneViewController.xib */ = {isa = PBXFileReference; fileEncoding = 4; lastKnownFileType = file.xib; name = MCStageCleanDoneViewController.xib; path = ViewController/MCStageCleanDoneViewController.xib; sourceTree = "<group>"; };
		84BEE1911B86C8A2000F3DC1 /* MCColorBackgroundView.h */ = {isa = PBXFileReference; fileEncoding = 4; lastKnownFileType = sourcecode.c.h; name = MCColorBackgroundView.h; path = View/MCColorBackgroundView.h; sourceTree = "<group>"; };
		84BEE1921B86C8A2000F3DC1 /* MCColorBackgroundView.m */ = {isa = PBXFileReference; fileEncoding = 4; lastKnownFileType = sourcecode.c.objc; name = MCColorBackgroundView.m; path = View/MCColorBackgroundView.m; sourceTree = "<group>"; };
		84BEE1A31B8749DD000F3DC1 /* MCCustomWindow.h */ = {isa = PBXFileReference; fileEncoding = 4; lastKnownFileType = sourcecode.c.h; name = MCCustomWindow.h; path = View/MCCustomWindow.h; sourceTree = "<group>"; };
		84BEE1A41B8749DD000F3DC1 /* MCCustomWindow.m */ = {isa = PBXFileReference; fileEncoding = 4; lastKnownFileType = sourcecode.c.objc; name = MCCustomWindow.m; path = View/MCCustomWindow.m; sourceTree = "<group>"; };
		84BEE1A91B874A6E000F3DC1 /* MCCustomWindowButtonBar.h */ = {isa = PBXFileReference; fileEncoding = 4; lastKnownFileType = sourcecode.c.h; name = MCCustomWindowButtonBar.h; path = View/MCCustomWindowButtonBar.h; sourceTree = "<group>"; };
		84BEE1AA1B874A6E000F3DC1 /* MCCustomWindowButtonBar.m */ = {isa = PBXFileReference; fileEncoding = 4; lastKnownFileType = sourcecode.c.objc; name = MCCustomWindowButtonBar.m; path = View/MCCustomWindowButtonBar.m; sourceTree = "<group>"; };
		84F03A961B82D79200FFFA28 /* MyMobileCleaner.app */ = {isa = PBXFileReference; explicitFileType = wrapper.application; includeInIndex = 0; path = MyMobileCleaner.app; sourceTree = BUILT_PRODUCTS_DIR; };
		84F03A9A1B82D79200FFFA28 /* Info.plist */ = {isa = PBXFileReference; lastKnownFileType = text.plist.xml; path = Info.plist; sourceTree = "<group>"; };
		84F03A9B1B82D79200FFFA28 /* AppDelegate.h */ = {isa = PBXFileReference; lastKnownFileType = sourcecode.c.h; path = AppDelegate.h; sourceTree = "<group>"; };
		84F03A9C1B82D79200FFFA28 /* AppDelegate.m */ = {isa = PBXFileReference; lastKnownFileType = sourcecode.c.objc; path = AppDelegate.m; sourceTree = "<group>"; };
		84F03A9E1B82D79200FFFA28 /* main.m */ = {isa = PBXFileReference; lastKnownFileType = sourcecode.c.objc; path = main.m; sourceTree = "<group>"; };
		84F03AA01B82D79200FFFA28 /* Images.xcassets */ = {isa = PBXFileReference; lastKnownFileType = folder.assetcatalog; path = Images.xcassets; sourceTree = "<group>"; };
		84F03AA31B82D79200FFFA28 /* Base */ = {isa = PBXFileReference; lastKnownFileType = file.xib; name = Base; path = Base.lproj/MainMenu.xib; sourceTree = "<group>"; };
		84F03AA91B82D79200FFFA28 /* MyMobileCleanerTests.xctest */ = {isa = PBXFileReference; explicitFileType = wrapper.cfbundle; includeInIndex = 0; path = MyMobileCleanerTests.xctest; sourceTree = BUILT_PRODUCTS_DIR; };
		84F03AAE1B82D79200FFFA28 /* Info.plist */ = {isa = PBXFileReference; lastKnownFileType = text.plist.xml; path = Info.plist; sourceTree = "<group>"; };
		84F03AAF1B82D79200FFFA28 /* MyMobileCleanerTests.m */ = {isa = PBXFileReference; lastKnownFileType = sourcecode.c.objc; path = MyMobileCleanerTests.m; sourceTree = "<group>"; };
		84F03ABB1B82D85200FFFA28 /* SDMMobileDevice.framework */ = {isa = PBXFileReference; lastKnownFileType = wrapper.framework; path = SDMMobileDevice.framework; sourceTree = "<group>"; };
		84F03AC11B82DABF00FFFA28 /* MCDeviceController.h */ = {isa = PBXFileReference; fileEncoding = 4; lastKnownFileType = sourcecode.c.h; name = MCDeviceController.h; path = Core/MCDeviceController.h; sourceTree = "<group>"; };
		84F03AC21B82DABF00FFFA28 /* MCDeviceController.m */ = {isa = PBXFileReference; fileEncoding = 4; lastKnownFileType = sourcecode.c.objc; name = MCDeviceController.m; path = Core/MCDeviceController.m; sourceTree = "<group>"; };
		84F03AC51B83204600FFFA28 /* MCDevice.h */ = {isa = PBXFileReference; fileEncoding = 4; lastKnownFileType = sourcecode.c.h; name = MCDevice.h; path = Core/MCDevice.h; sourceTree = "<group>"; };
		84F03AC61B83204600FFFA28 /* MCDevice.m */ = {isa = PBXFileReference; fileEncoding = 4; lastKnownFileType = sourcecode.c.objc; name = MCDevice.m; path = Core/MCDevice.m; sourceTree = "<group>"; };
		E57FAD6C1B84B33100ABF2D0 /* MCDeviceInfoHub.h */ = {isa = PBXFileReference; fileEncoding = 4; lastKnownFileType = sourcecode.c.h; name = MCDeviceInfoHub.h; path = Core/MCDeviceInfoHub.h; sourceTree = "<group>"; };
		E57FAD6D1B84B33100ABF2D0 /* MCDeviceInfoHub.m */ = {isa = PBXFileReference; fileEncoding = 4; lastKnownFileType = sourcecode.c.objc; name = MCDeviceInfoHub.m; path = Core/MCDeviceInfoHub.m; sourceTree = "<group>"; };
		E5B240311B89CB4400A2BC03 /* Base */ = {isa = PBXFileReference; lastKnownFileType = text.plist.strings; name = Base; path = Base.lproj/MyMobileCleaner.strings; sourceTree = "<group>"; };
		E5B240331B89CB4500A2BC03 /* en */ = {isa = PBXFileReference; lastKnownFileType = text.plist.strings; name = en; path = en.lproj/MyMobileCleaner.strings; sourceTree = "<group>"; };
/* End PBXFileReference section */

/* Begin PBXFrameworksBuildPhase section */
		84F03A931B82D79200FFFA28 /* Frameworks */ = {
			isa = PBXFrameworksBuildPhase;
			buildActionMask = 2147483647;
			files = (
				84F03ABF1B82D9F400FFFA28 /* SDMMobileDevice.framework in Frameworks */,
			);
			runOnlyForDeploymentPostprocessing = 0;
		};
		84F03AA61B82D79200FFFA28 /* Frameworks */ = {
			isa = PBXFrameworksBuildPhase;
			buildActionMask = 2147483647;
			files = (
			);
			runOnlyForDeploymentPostprocessing = 0;
		};
/* End PBXFrameworksBuildPhase section */

/* Begin PBXGroup section */
		84BEE15F1B85C379000F3DC1 /* ViewController */ = {
			isa = PBXGroup;
			children = (
				84BEE1601B85C3D6000F3DC1 /* MCMainWindowController.h */,
				84BEE1611B85C3D6000F3DC1 /* MCMainWindowController.m */,
				84BEE1621B85C3D6000F3DC1 /* MCMainWindowController.xib */,
				84BEE1651B85CD0D000F3DC1 /* StageViewController */,
			);
			name = ViewController;
			sourceTree = "<group>";
		};
		84BEE1651B85CD0D000F3DC1 /* StageViewController */ = {
			isa = PBXGroup;
			children = (
				84BEE1661B85CD48000F3DC1 /* MCStageViewController.h */,
				84BEE1671B85CD48000F3DC1 /* MCStageViewController.m */,
				84BEE16D1B86C2F3000F3DC1 /* MCStageNoConnectionViewController.h */,
				84BEE16E1B86C2F3000F3DC1 /* MCStageNoConnectionViewController.m */,
				84BEE16F1B86C2F3000F3DC1 /* MCStageNoConnectionViewController.xib */,
				84BEE1721B86C378000F3DC1 /* MCStageConnectedButUnPairedViewController.h */,
				84BEE1731B86C378000F3DC1 /* MCStageConnectedButUnPairedViewController.m */,
				84BEE1741B86C378000F3DC1 /* MCStageConnectedButUnPairedViewController.xib */,
				84BEE1771B86C398000F3DC1 /* MCStageConnectedAndPairedViewController.h */,
				84BEE1781B86C398000F3DC1 /* MCStageConnectedAndPairedViewController.m */,
				84BEE1791B86C398000F3DC1 /* MCStageConnectedAndPairedViewController.xib */,
				84BEE17C1B86C3BD000F3DC1 /* MCStageScanningViewController.h */,
				84BEE17D1B86C3BD000F3DC1 /* MCStageScanningViewController.m */,
				84BEE17E1B86C3BD000F3DC1 /* MCStageScanningViewController.xib */,
				84BEE1811B86C3E3000F3DC1 /* MCStageScanDoneViewController.h */,
				84BEE1821B86C3E3000F3DC1 /* MCStageScanDoneViewController.m */,
				84BEE1831B86C3E3000F3DC1 /* MCStageScanDoneViewController.xib */,
				84BEE1861B86C3FF000F3DC1 /* MCStageCleaningViewController.h */,
				84BEE1871B86C3FF000F3DC1 /* MCStageCleaningViewController.m */,
				84BEE1881B86C3FF000F3DC1 /* MCStageCleaningViewController.xib */,
				84BEE18B1B86C41B000F3DC1 /* MCStageCleanDoneViewController.h */,
				84BEE18C1B86C41B000F3DC1 /* MCStageCleanDoneViewController.m */,
				84BEE18D1B86C41B000F3DC1 /* MCStageCleanDoneViewController.xib */,
			);
			name = StageViewController;
			sourceTree = "<group>";
		};
		84BEE1901B86C869000F3DC1 /* View */ = {
			isa = PBXGroup;
			children = (
				84BEE1A31B8749DD000F3DC1 /* MCCustomWindow.h */,
				84BEE1A41B8749DD000F3DC1 /* MCCustomWindow.m */,
				84BEE1A91B874A6E000F3DC1 /* MCCustomWindowButtonBar.h */,
				84BEE1AA1B874A6E000F3DC1 /* MCCustomWindowButtonBar.m */,
				84BEE1911B86C8A2000F3DC1 /* MCColorBackgroundView.h */,
				84BEE1921B86C8A2000F3DC1 /* MCColorBackgroundView.m */,
			);
			name = View;
			sourceTree = "<group>";
		};
		84F03A8D1B82D79200FFFA28 = {
			isa = PBXGroup;
			children = (
				84F03A981B82D79200FFFA28 /* MyMobileCleaner */,
				84F03ABA1B82D85200FFFA28 /* 3rd */,
				84F03AAC1B82D79200FFFA28 /* MyMobileCleanerTests */,
				84F03A971B82D79200FFFA28 /* Products */,
			);
			sourceTree = "<group>";
		};
		84F03A971B82D79200FFFA28 /* Products */ = {
			isa = PBXGroup;
			children = (
				84F03A961B82D79200FFFA28 /* MyMobileCleaner.app */,
				84F03AA91B82D79200FFFA28 /* MyMobileCleanerTests.xctest */,
			);
			name = Products;
			sourceTree = "<group>";
		};
		84F03A981B82D79200FFFA28 /* MyMobileCleaner */ = {
			isa = PBXGroup;
			children = (
				84F03A9B1B82D79200FFFA28 /* AppDelegate.h */,
				84F03A9C1B82D79200FFFA28 /* AppDelegate.m */,
				84F03AC01B82DAA200FFFA28 /* Core */,
				84BEE15F1B85C379000F3DC1 /* ViewController */,
				84BEE1901B86C869000F3DC1 /* View */,
				84F03A991B82D79200FFFA28 /* Supporting Files */,
			);
			path = MyMobileCleaner;
			sourceTree = "<group>";
		};
		84F03A991B82D79200FFFA28 /* Supporting Files */ = {
			isa = PBXGroup;
			children = (
				E5B240321B89CB4400A2BC03 /* MyMobileCleaner.strings */,
				84F03AA01B82D79200FFFA28 /* Images.xcassets */,
				84F03AA21B82D79200FFFA28 /* MainMenu.xib */,
				84F03A9A1B82D79200FFFA28 /* Info.plist */,
				84F03A9E1B82D79200FFFA28 /* main.m */,
			);
			name = "Supporting Files";
			sourceTree = "<group>";
		};
		84F03AAC1B82D79200FFFA28 /* MyMobileCleanerTests */ = {
			isa = PBXGroup;
			children = (
				84F03AAF1B82D79200FFFA28 /* MyMobileCleanerTests.m */,
				84F03AAD1B82D79200FFFA28 /* Supporting Files */,
			);
			path = MyMobileCleanerTests;
			sourceTree = "<group>";
		};
		84F03AAD1B82D79200FFFA28 /* Supporting Files */ = {
			isa = PBXGroup;
			children = (
				84F03AAE1B82D79200FFFA28 /* Info.plist */,
			);
			name = "Supporting Files";
			sourceTree = "<group>";
		};
		84F03ABA1B82D85200FFFA28 /* 3rd */ = {
			isa = PBXGroup;
			children = (
				84F03ABB1B82D85200FFFA28 /* SDMMobileDevice.framework */,
			);
			path = 3rd;
			sourceTree = "<group>";
		};
		84F03AC01B82DAA200FFFA28 /* Core */ = {
			isa = PBXGroup;
			children = (
				84F03AC11B82DABF00FFFA28 /* MCDeviceController.h */,
				84F03AC21B82DABF00FFFA28 /* MCDeviceController.m */,
				84F03AC51B83204600FFFA28 /* MCDevice.h */,
				84F03AC61B83204600FFFA28 /* MCDevice.m */,
				E57FAD6C1B84B33100ABF2D0 /* MCDeviceInfoHub.h */,
				E57FAD6D1B84B33100ABF2D0 /* MCDeviceInfoHub.m */,
			);
			name = Core;
			sourceTree = "<group>";
		};
/* End PBXGroup section */

/* Begin PBXNativeTarget section */
		84F03A951B82D79200FFFA28 /* MyMobileCleaner */ = {
			isa = PBXNativeTarget;
			buildConfigurationList = 84F03AB31B82D79200FFFA28 /* Build configuration list for PBXNativeTarget "MyMobileCleaner" */;
			buildPhases = (
				84F03A921B82D79200FFFA28 /* Sources */,
				84F03A931B82D79200FFFA28 /* Frameworks */,
				84F03A941B82D79200FFFA28 /* Resources */,
				84F03ABD1B82D98400FFFA28 /* Copy Frameworks */,
			);
			buildRules = (
			);
			dependencies = (
			);
			name = MyMobileCleaner;
			productName = MyMobileCleaner;
			productReference = 84F03A961B82D79200FFFA28 /* MyMobileCleaner.app */;
			productType = "com.apple.product-type.application";
		};
		84F03AA81B82D79200FFFA28 /* MyMobileCleanerTests */ = {
			isa = PBXNativeTarget;
			buildConfigurationList = 84F03AB61B82D79200FFFA28 /* Build configuration list for PBXNativeTarget "MyMobileCleanerTests" */;
			buildPhases = (
				84F03AA51B82D79200FFFA28 /* Sources */,
				84F03AA61B82D79200FFFA28 /* Frameworks */,
				84F03AA71B82D79200FFFA28 /* Resources */,
			);
			buildRules = (
			);
			dependencies = (
				84F03AAB1B82D79200FFFA28 /* PBXTargetDependency */,
			);
			name = MyMobileCleanerTests;
			productName = MyMobileCleanerTests;
			productReference = 84F03AA91B82D79200FFFA28 /* MyMobileCleanerTests.xctest */;
			productType = "com.apple.product-type.bundle.unit-test";
		};
/* End PBXNativeTarget section */

/* Begin PBXProject section */
		84F03A8E1B82D79200FFFA28 /* Project object */ = {
			isa = PBXProject;
			attributes = {
				LastUpgradeCheck = 0640;
				ORGANIZATIONNAME = GoKuStudio;
				TargetAttributes = {
					84F03A951B82D79200FFFA28 = {
						CreatedOnToolsVersion = 6.4;
					};
					84F03AA81B82D79200FFFA28 = {
						CreatedOnToolsVersion = 6.4;
						TestTargetID = 84F03A951B82D79200FFFA28;
					};
				};
			};
			buildConfigurationList = 84F03A911B82D79200FFFA28 /* Build configuration list for PBXProject "MyMobileCleaner" */;
			compatibilityVersion = "Xcode 3.2";
			developmentRegion = English;
			hasScannedForEncodings = 0;
			knownRegions = (
				en,
				Base,
			);
			mainGroup = 84F03A8D1B82D79200FFFA28;
			productRefGroup = 84F03A971B82D79200FFFA28 /* Products */;
			projectDirPath = "";
			projectRoot = "";
			targets = (
				84F03A951B82D79200FFFA28 /* MyMobileCleaner */,
				84F03AA81B82D79200FFFA28 /* MyMobileCleanerTests */,
			);
		};
/* End PBXProject section */

/* Begin PBXResourcesBuildPhase section */
		84F03A941B82D79200FFFA28 /* Resources */ = {
			isa = PBXResourcesBuildPhase;
			buildActionMask = 2147483647;
			files = (
				84BEE1851B86C3E3000F3DC1 /* MCStageScanDoneViewController.xib in Resources */,
				84F03AA11B82D79200FFFA28 /* Images.xcassets in Resources */,
				84BEE1641B85C3D6000F3DC1 /* MCMainWindowController.xib in Resources */,
				84BEE18F1B86C41B000F3DC1 /* MCStageCleanDoneViewController.xib in Resources */,
				84BEE1711B86C2F3000F3DC1 /* MCStageNoConnectionViewController.xib in Resources */,
				84F03AA41B82D79200FFFA28 /* MainMenu.xib in Resources */,
				E5B240301B89CB4400A2BC03 /* MyMobileCleaner.strings in Resources */,
				84BEE17B1B86C398000F3DC1 /* MCStageConnectedAndPairedViewController.xib in Resources */,
				84BEE1761B86C378000F3DC1 /* MCStageConnectedButUnPairedViewController.xib in Resources */,
				84BEE18A1B86C3FF000F3DC1 /* MCStageCleaningViewController.xib in Resources */,
				84BEE1801B86C3BD000F3DC1 /* MCStageScanningViewController.xib in Resources */,
			);
			runOnlyForDeploymentPostprocessing = 0;
		};
		84F03AA71B82D79200FFFA28 /* Resources */ = {
			isa = PBXResourcesBuildPhase;
			buildActionMask = 2147483647;
			files = (
			);
			runOnlyForDeploymentPostprocessing = 0;
		};
/* End PBXResourcesBuildPhase section */

/* Begin PBXSourcesBuildPhase section */
		84F03A921B82D79200FFFA28 /* Sources */ = {
			isa = PBXSourcesBuildPhase;
			buildActionMask = 2147483647;
			files = (
				84BEE1691B85CD48000F3DC1 /* MCStageViewController.m in Sources */,
				84F03A9F1B82D79200FFFA28 /* main.m in Sources */,
				84BEE18E1B86C41B000F3DC1 /* MCStageCleanDoneViewController.m in Sources */,
				84F03AC71B83204600FFFA28 /* MCDevice.m in Sources */,
				84BEE1751B86C378000F3DC1 /* MCStageConnectedButUnPairedViewController.m in Sources */,
				84BEE1AB1B874A6E000F3DC1 /* MCCustomWindowButtonBar.m in Sources */,
				84BEE1631B85C3D6000F3DC1 /* MCMainWindowController.m in Sources */,
				84BEE1931B86C8A2000F3DC1 /* MCColorBackgroundView.m in Sources */,
				E57FAD6E1B84B33100ABF2D0 /* MCDeviceInfoHub.m in Sources */,
				84F03AC31B82DABF00FFFA28 /* MCDeviceController.m in Sources */,
				84BEE1701B86C2F3000F3DC1 /* MCStageNoConnectionViewController.m in Sources */,
				84BEE1841B86C3E3000F3DC1 /* MCStageScanDoneViewController.m in Sources */,
				84BEE1891B86C3FF000F3DC1 /* MCStageCleaningViewController.m in Sources */,
				84BEE17A1B86C398000F3DC1 /* MCStageConnectedAndPairedViewController.m in Sources */,
				84F03A9D1B82D79200FFFA28 /* AppDelegate.m in Sources */,
				84BEE1A51B8749DD000F3DC1 /* MCCustomWindow.m in Sources */,
				84BEE17F1B86C3BD000F3DC1 /* MCStageScanningViewController.m in Sources */,
			);
			runOnlyForDeploymentPostprocessing = 0;
		};
		84F03AA51B82D79200FFFA28 /* Sources */ = {
			isa = PBXSourcesBuildPhase;
			buildActionMask = 2147483647;
			files = (
				84F03AB01B82D79200FFFA28 /* MyMobileCleanerTests.m in Sources */,
			);
			runOnlyForDeploymentPostprocessing = 0;
		};
/* End PBXSourcesBuildPhase section */

/* Begin PBXTargetDependency section */
		84F03AAB1B82D79200FFFA28 /* PBXTargetDependency */ = {
			isa = PBXTargetDependency;
			target = 84F03A951B82D79200FFFA28 /* MyMobileCleaner */;
			targetProxy = 84F03AAA1B82D79200FFFA28 /* PBXContainerItemProxy */;
		};
/* End PBXTargetDependency section */

/* Begin PBXVariantGroup section */
		84F03AA21B82D79200FFFA28 /* MainMenu.xib */ = {
			isa = PBXVariantGroup;
			children = (
				84F03AA31B82D79200FFFA28 /* Base */,
			);
			name = MainMenu.xib;
			sourceTree = "<group>";
		};
		E5B240321B89CB4400A2BC03 /* MyMobileCleaner.strings */ = {
			isa = PBXVariantGroup;
			children = (
				E5B240311B89CB4400A2BC03 /* Base */,
				E5B240331B89CB4500A2BC03 /* en */,
			);
			name = MyMobileCleaner.strings;
			sourceTree = "<group>";
		};
/* End PBXVariantGroup section */

/* Begin XCBuildConfiguration section */
		84F03AB11B82D79200FFFA28 /* Debug */ = {
			isa = XCBuildConfiguration;
			buildSettings = {
				ALWAYS_SEARCH_USER_PATHS = NO;
				CLANG_CXX_LANGUAGE_STANDARD = "gnu++0x";
				CLANG_CXX_LIBRARY = "libc++";
				CLANG_ENABLE_MODULES = YES;
				CLANG_ENABLE_OBJC_ARC = YES;
				CLANG_WARN_BOOL_CONVERSION = YES;
				CLANG_WARN_CONSTANT_CONVERSION = YES;
				CLANG_WARN_DIRECT_OBJC_ISA_USAGE = YES_ERROR;
				CLANG_WARN_EMPTY_BODY = YES;
				CLANG_WARN_ENUM_CONVERSION = YES;
				CLANG_WARN_INT_CONVERSION = YES;
				CLANG_WARN_OBJC_ROOT_CLASS = YES_ERROR;
				CLANG_WARN_UNREACHABLE_CODE = YES;
				CLANG_WARN__DUPLICATE_METHOD_MATCH = YES;
				CODE_SIGN_IDENTITY = "-";
				COPY_PHASE_STRIP = NO;
				DEBUG_INFORMATION_FORMAT = dwarf;
				ENABLE_STRICT_OBJC_MSGSEND = YES;
				GCC_C_LANGUAGE_STANDARD = gnu99;
				GCC_DYNAMIC_NO_PIC = NO;
				GCC_NO_COMMON_BLOCKS = YES;
				GCC_OPTIMIZATION_LEVEL = 0;
				GCC_PREPROCESSOR_DEFINITIONS = (
					"DEBUG=1",
					"$(inherited)",
				);
				GCC_SYMBOLS_PRIVATE_EXTERN = NO;
				GCC_WARN_64_TO_32_BIT_CONVERSION = YES;
				GCC_WARN_ABOUT_RETURN_TYPE = YES_ERROR;
				GCC_WARN_UNDECLARED_SELECTOR = YES;
				GCC_WARN_UNINITIALIZED_AUTOS = YES_AGGRESSIVE;
				GCC_WARN_UNUSED_FUNCTION = YES;
				GCC_WARN_UNUSED_VARIABLE = YES;
				MACOSX_DEPLOYMENT_TARGET = 10.10;
				MTL_ENABLE_DEBUG_INFO = YES;
				ONLY_ACTIVE_ARCH = YES;
				SDKROOT = macosx;
			};
			name = Debug;
		};
		84F03AB21B82D79200FFFA28 /* Release */ = {
			isa = XCBuildConfiguration;
			buildSettings = {
				ALWAYS_SEARCH_USER_PATHS = NO;
				CLANG_CXX_LANGUAGE_STANDARD = "gnu++0x";
				CLANG_CXX_LIBRARY = "libc++";
				CLANG_ENABLE_MODULES = YES;
				CLANG_ENABLE_OBJC_ARC = YES;
				CLANG_WARN_BOOL_CONVERSION = YES;
				CLANG_WARN_CONSTANT_CONVERSION = YES;
				CLANG_WARN_DIRECT_OBJC_ISA_USAGE = YES_ERROR;
				CLANG_WARN_EMPTY_BODY = YES;
				CLANG_WARN_ENUM_CONVERSION = YES;
				CLANG_WARN_INT_CONVERSION = YES;
				CLANG_WARN_OBJC_ROOT_CLASS = YES_ERROR;
				CLANG_WARN_UNREACHABLE_CODE = YES;
				CLANG_WARN__DUPLICATE_METHOD_MATCH = YES;
				CODE_SIGN_IDENTITY = "-";
				COPY_PHASE_STRIP = NO;
				DEBUG_INFORMATION_FORMAT = "dwarf-with-dsym";
				ENABLE_NS_ASSERTIONS = NO;
				ENABLE_STRICT_OBJC_MSGSEND = YES;
				GCC_C_LANGUAGE_STANDARD = gnu99;
				GCC_NO_COMMON_BLOCKS = YES;
				GCC_WARN_64_TO_32_BIT_CONVERSION = YES;
				GCC_WARN_ABOUT_RETURN_TYPE = YES_ERROR;
				GCC_WARN_UNDECLARED_SELECTOR = YES;
				GCC_WARN_UNINITIALIZED_AUTOS = YES_AGGRESSIVE;
				GCC_WARN_UNUSED_FUNCTION = YES;
				GCC_WARN_UNUSED_VARIABLE = YES;
				MACOSX_DEPLOYMENT_TARGET = 10.10;
				MTL_ENABLE_DEBUG_INFO = NO;
				SDKROOT = macosx;
			};
			name = Release;
		};
		84F03AB41B82D79200FFFA28 /* Debug */ = {
			isa = XCBuildConfiguration;
			buildSettings = {
				ALWAYS_SEARCH_USER_PATHS = YES;
				ASSETCATALOG_COMPILER_APPICON_NAME = AppIcon;
				COMBINE_HIDPI_IMAGES = YES;
				FRAMEWORK_SEARCH_PATHS = (
					"$(inherited)",
					"$(PROJECT_DIR)/3rd",
				);
				INFOPLIST_FILE = MyMobileCleaner/Info.plist;
				LD_RUNPATH_SEARCH_PATHS = "$(inherited) @executable_path/../Frameworks @loader_path/../Frameworks $(CONFIGURATION_BUILD_DIR)";
				PRODUCT_NAME = "$(TARGET_NAME)";
				USER_HEADER_SEARCH_PATHS = "$(PROJECT_DIR)/3rd/SDMMobileDevice.framework/Headers";
			};
			name = Debug;
		};
		84F03AB51B82D79200FFFA28 /* Release */ = {
			isa = XCBuildConfiguration;
			buildSettings = {
				ALWAYS_SEARCH_USER_PATHS = YES;
				ASSETCATALOG_COMPILER_APPICON_NAME = AppIcon;
				COMBINE_HIDPI_IMAGES = YES;
				FRAMEWORK_SEARCH_PATHS = (
					"$(inherited)",
					"$(PROJECT_DIR)/3rd",
				);
				INFOPLIST_FILE = MyMobileCleaner/Info.plist;
				LD_RUNPATH_SEARCH_PATHS = "$(inherited) @executable_path/../Frameworks @loader_path/../Frameworks $(CONFIGURATION_BUILD_DIR)";
				PRODUCT_NAME = "$(TARGET_NAME)";
				USER_HEADER_SEARCH_PATHS = "$(PROJECT_DIR)/3rd/SDMMobileDevice.framework/Headers";
			};
			name = Release;
		};
		84F03AB71B82D79200FFFA28 /* Debug */ = {
			isa = XCBuildConfiguration;
			buildSettings = {
				BUNDLE_LOADER = "$(TEST_HOST)";
				COMBINE_HIDPI_IMAGES = YES;
				FRAMEWORK_SEARCH_PATHS = (
					"$(DEVELOPER_FRAMEWORKS_DIR)",
					"$(inherited)",
				);
				GCC_PREPROCESSOR_DEFINITIONS = (
					"DEBUG=1",
					"$(inherited)",
				);
				INFOPLIST_FILE = MyMobileCleanerTests/Info.plist;
				LD_RUNPATH_SEARCH_PATHS = "$(inherited) @executable_path/../Frameworks @loader_path/../Frameworks";
				PRODUCT_NAME = "$(TARGET_NAME)";
				TEST_HOST = "$(BUILT_PRODUCTS_DIR)/MyMobileCleaner.app/Contents/MacOS/MyMobileCleaner";
			};
			name = Debug;
		};
		84F03AB81B82D79200FFFA28 /* Release */ = {
			isa = XCBuildConfiguration;
			buildSettings = {
				BUNDLE_LOADER = "$(TEST_HOST)";
				COMBINE_HIDPI_IMAGES = YES;
				FRAMEWORK_SEARCH_PATHS = (
					"$(DEVELOPER_FRAMEWORKS_DIR)",
					"$(inherited)",
				);
				INFOPLIST_FILE = MyMobileCleanerTests/Info.plist;
				LD_RUNPATH_SEARCH_PATHS = "$(inherited) @executable_path/../Frameworks @loader_path/../Frameworks";
				PRODUCT_NAME = "$(TARGET_NAME)";
				TEST_HOST = "$(BUILT_PRODUCTS_DIR)/MyMobileCleaner.app/Contents/MacOS/MyMobileCleaner";
			};
			name = Release;
		};
/* End XCBuildConfiguration section */

/* Begin XCConfigurationList section */
		84F03A911B82D79200FFFA28 /* Build configuration list for PBXProject "MyMobileCleaner" */ = {
			isa = XCConfigurationList;
			buildConfigurations = (
				84F03AB11B82D79200FFFA28 /* Debug */,
				84F03AB21B82D79200FFFA28 /* Release */,
			);
			defaultConfigurationIsVisible = 0;
			defaultConfigurationName = Release;
		};
		84F03AB31B82D79200FFFA28 /* Build configuration list for PBXNativeTarget "MyMobileCleaner" */ = {
			isa = XCConfigurationList;
			buildConfigurations = (
				84F03AB41B82D79200FFFA28 /* Debug */,
				84F03AB51B82D79200FFFA28 /* Release */,
			);
			defaultConfigurationIsVisible = 0;
			defaultConfigurationName = Release;
		};
		84F03AB61B82D79200FFFA28 /* Build configuration list for PBXNativeTarget "MyMobileCleanerTests" */ = {
			isa = XCConfigurationList;
			buildConfigurations = (
				84F03AB71B82D79200FFFA28 /* Debug */,
				84F03AB81B82D79200FFFA28 /* Release */,
			);
			defaultConfigurationIsVisible = 0;
			defaultConfigurationName = Release;
		};
/* End XCConfigurationList section */
	};
	rootObject = 84F03A8E1B82D79200FFFA28 /* Project object */;
}
